
Microsoft Visual Studio Solution File, Format Version 12.00
# Visual Studio Version 17
VisualStudioVersion = 17.8.34004.107
MinimumVisualStudioVersion = 10.0.40219.1
Project("{9A19103F-16F7-4668-BE54-9A1E7A4F7556}") = "iPlato", "iPlato\iPlato.csproj", "{AC7EB43C-17DF-486C-B1C2-95EC8DD1975B}"
EndProject
Project("{9A19103F-16F7-4668-BE54-9A1E7A4F7556}") = "iPlato.Tests", "iPlato.Tests\iPlato.Tests.csproj", "{9A1153A9-0A24-4349-B80E-2D61848BB2DB}"
EndProject
Global
	GlobalSection(SolutionConfigurationPlatforms) = preSolution
		Debug|Any CPU = Debug|Any CPU
		Release|Any CPU = Release|Any CPU
	EndGlobalSection
	GlobalSection(ProjectConfigurationPlatforms) = postSolution
		{AC7EB43C-17DF-486C-B1C2-95EC8DD1975B}.Debug|Any CPU.ActiveCfg = Debug|Any CPU
		{AC7EB43C-17DF-486C-B1C2-95EC8DD1975B}.Debug|Any CPU.Build.0 = Debug|Any CPU
		{AC7EB43C-17DF-486C-B1C2-95EC8DD1975B}.Release|Any CPU.ActiveCfg = Release|Any CPU
		{AC7EB43C-17DF-486C-B1C2-95EC8DD1975B}.Release|Any CPU.Build.0 = Release|Any CPU
		{9A1153A9-0A24-4349-B80E-2D61848BB2DB}.Debug|Any CPU.ActiveCfg = Debug|Any CPU
		{9A1153A9-0A24-4349-B80E-2D61848BB2DB}.Debug|Any CPU.Build.0 = Debug|Any CPU
		{9A1153A9-0A24-4349-B80E-2D61848BB2DB}.Release|Any CPU.ActiveCfg = Release|Any CPU
		{9A1153A9-0A24-4349-B80E-2D61848BB2DB}.Release|Any CPU.Build.0 = Release|Any CPU
	EndGlobalSection
	GlobalSection(SolutionProperties) = preSolution
		HideSolutionNode = FALSE
	EndGlobalSection
	GlobalSection(ExtensibilityGlobals) = postSolution
		SolutionGuid = {8EA1BCA1-7241-4D5A-99C6-0737B65AA974}
	EndGlobalSection
EndGlobal
